
Microsoft Visual Studio Solution File, Format Version 12.00
# Visual Studio Version 17
VisualStudioVersion = 17.10.34928.147
MinimumVisualStudioVersion = 10.0.40219.1
Project("{FAE04EC0-301F-11D3-BF4B-00C04F79EFBC}") = "FileSharingAPI", "FileSharingAPI\FileSharingAPI.csproj", "{40EA6B41-CCA4-4DDE-A443-81F846F27EE1}"
EndProject
Project("{FAE04EC0-301F-11D3-BF4B-00C04F79EFBC}") = "DataAccess", "DataAccess\DataAccess.csproj", "{C0B82262-F859-4705-A9AD-2DEE447ECEA6}"
EndProject
Project("{FAE04EC0-301F-11D3-BF4B-00C04F79EFBC}") = "Services", "Services\Services.csproj", "{DAA620C7-E8D5-497B-B64E-83D1547C3855}"
EndProject
Project("{FAE04EC0-301F-11D3-BF4B-00C04F79EFBC}") = "Tests", "Tests\Tests.csproj", "{B13EF688-7663-4BE5-B295-E40D4AA160D5}"
EndProject
Global
	GlobalSection(SolutionConfigurationPlatforms) = preSolution
		Debug|Any CPU = Debug|Any CPU
		Release|Any CPU = Release|Any CPU
	EndGlobalSection
	GlobalSection(ProjectConfigurationPlatforms) = postSolution
		{40EA6B41-CCA4-4DDE-A443-81F846F27EE1}.Debug|Any CPU.ActiveCfg = Debug|Any CPU
		{40EA6B41-CCA4-4DDE-A443-81F846F27EE1}.Debug|Any CPU.Build.0 = Debug|Any CPU
		{40EA6B41-CCA4-4DDE-A443-81F846F27EE1}.Release|Any CPU.ActiveCfg = Release|Any CPU
		{40EA6B41-CCA4-4DDE-A443-81F846F27EE1}.Release|Any CPU.Build.0 = Release|Any CPU
		{C0B82262-F859-4705-A9AD-2DEE447ECEA6}.Debug|Any CPU.ActiveCfg = Debug|Any CPU
		{C0B82262-F859-4705-A9AD-2DEE447ECEA6}.Debug|Any CPU.Build.0 = Debug|Any CPU
		{C0B82262-F859-4705-A9AD-2DEE447ECEA6}.Release|Any CPU.ActiveCfg = Release|Any CPU
		{C0B82262-F859-4705-A9AD-2DEE447ECEA6}.Release|Any CPU.Build.0 = Release|Any CPU
		{DAA620C7-E8D5-497B-B64E-83D1547C3855}.Debug|Any CPU.ActiveCfg = Debug|Any CPU
		{DAA620C7-E8D5-497B-B64E-83D1547C3855}.Debug|Any CPU.Build.0 = Debug|Any CPU
		{DAA620C7-E8D5-497B-B64E-83D1547C3855}.Release|Any CPU.ActiveCfg = Release|Any CPU
		{DAA620C7-E8D5-497B-B64E-83D1547C3855}.Release|Any CPU.Build.0 = Release|Any CPU
		{B13EF688-7663-4BE5-B295-E40D4AA160D5}.Debug|Any CPU.ActiveCfg = Debug|Any CPU
		{B13EF688-7663-4BE5-B295-E40D4AA160D5}.Debug|Any CPU.Build.0 = Debug|Any CPU
		{B13EF688-7663-4BE5-B295-E40D4AA160D5}.Release|Any CPU.ActiveCfg = Release|Any CPU
		{B13EF688-7663-4BE5-B295-E40D4AA160D5}.Release|Any CPU.Build.0 = Release|Any CPU
	EndGlobalSection
	GlobalSection(SolutionProperties) = preSolution
		HideSolutionNode = FALSE
	EndGlobalSection
	GlobalSection(ExtensibilityGlobals) = postSolution
		SolutionGuid = {7E93CA11-689E-49B0-8460-EE4C7C2DC916}
	EndGlobalSection
EndGlobal
